
Microsoft Visual Studio Solution File, Format Version 12.00
# Visual Studio Version 17
VisualStudioVersion = 17.2.32630.192
MinimumVisualStudioVersion = 10.0.40219.1
Project("{8BC9CEB8-8B4A-11D0-8D11-00A0C91BC942}") = "CKorea", "CKorea\CKorea.vcxproj", "{F680C00E-E7D4-4220-BBA7-D0F4D81B7460}"
EndProject
Project("{8BC9CEB8-8B4A-11D0-8D11-00A0C91BC942}") = "Day2", "Day2\Day2.vcxproj", "{FC32848B-9978-4095-B2A7-D2BE003B1DFF}"
EndProject
Project("{8BC9CEB8-8B4A-11D0-8D11-00A0C91BC942}") = "Day3", "Day3\Day3.vcxproj", "{EF84E630-478C-408E-8D69-BC723546A014}"
EndProject
Project("{8BC9CEB8-8B4A-11D0-8D11-00A0C91BC942}") = "imageDlg", "imageDlg\imageDlg.vcxproj", "{CD942D98-2DBD-4AF0-BEFC-347E226DD3C0}"
EndProject
Project("{8BC9CEB8-8B4A-11D0-8D11-00A0C91BC942}") = "Day4", "CKorea\Day4\Day4.vcxproj", "{DA40C0DE-CE8C-4C48-B645-21F3B351BE77}"
EndProject
Global
	GlobalSection(SolutionConfigurationPlatforms) = preSolution
		Debug|x64 = Debug|x64
		Debug|x86 = Debug|x86
		Release|x64 = Release|x64
		Release|x86 = Release|x86
	EndGlobalSection
	GlobalSection(ProjectConfigurationPlatforms) = postSolution
		{F680C00E-E7D4-4220-BBA7-D0F4D81B7460}.Debug|x64.ActiveCfg = Debug|x64
		{F680C00E-E7D4-4220-BBA7-D0F4D81B7460}.Debug|x64.Build.0 = Debug|x64
		{F680C00E-E7D4-4220-BBA7-D0F4D81B7460}.Debug|x86.ActiveCfg = Debug|Win32
		{F680C00E-E7D4-4220-BBA7-D0F4D81B7460}.Debug|x86.Build.0 = Debug|Win32
		{F680C00E-E7D4-4220-BBA7-D0F4D81B7460}.Release|x64.ActiveCfg = Release|x64
		{F680C00E-E7D4-4220-BBA7-D0F4D81B7460}.Release|x64.Build.0 = Release|x64
		{F680C00E-E7D4-4220-BBA7-D0F4D81B7460}.Release|x86.ActiveCfg = Release|Win32
		{F680C00E-E7D4-4220-BBA7-D0F4D81B7460}.Release|x86.Build.0 = Release|Win32
		{FC32848B-9978-4095-B2A7-D2BE003B1DFF}.Debug|x64.ActiveCfg = Debug|x64
		{FC32848B-9978-4095-B2A7-D2BE003B1DFF}.Debug|x64.Build.0 = Debug|x64
		{FC32848B-9978-4095-B2A7-D2BE003B1DFF}.Debug|x86.ActiveCfg = Debug|Win32
		{FC32848B-9978-4095-B2A7-D2BE003B1DFF}.Debug|x86.Build.0 = Debug|Win32
		{FC32848B-9978-4095-B2A7-D2BE003B1DFF}.Release|x64.ActiveCfg = Release|x64
		{FC32848B-9978-4095-B2A7-D2BE003B1DFF}.Release|x64.Build.0 = Release|x64
		{FC32848B-9978-4095-B2A7-D2BE003B1DFF}.Release|x86.ActiveCfg = Release|Win32
		{FC32848B-9978-4095-B2A7-D2BE003B1DFF}.Release|x86.Build.0 = Release|Win32
		{EF84E630-478C-408E-8D69-BC723546A014}.Debug|x64.ActiveCfg = Debug|x64
		{EF84E630-478C-408E-8D69-BC723546A014}.Debug|x64.Build.0 = Debug|x64
		{EF84E630-478C-408E-8D69-BC723546A014}.Debug|x86.ActiveCfg = Debug|Win32
		{EF84E630-478C-408E-8D69-BC723546A014}.Debug|x86.Build.0 = Debug|Win32
		{EF84E630-478C-408E-8D69-BC723546A014}.Release|x64.ActiveCfg = Release|x64
		{EF84E630-478C-408E-8D69-BC723546A014}.Release|x64.Build.0 = Release|x64
		{EF84E630-478C-408E-8D69-BC723546A014}.Release|x86.ActiveCfg = Release|Win32
		{EF84E630-478C-408E-8D69-BC723546A014}.Release|x86.Build.0 = Release|Win32
		{CD942D98-2DBD-4AF0-BEFC-347E226DD3C0}.Debug|x64.ActiveCfg = Debug|x64
		{CD942D98-2DBD-4AF0-BEFC-347E226DD3C0}.Debug|x64.Build.0 = Debug|x64
		{CD942D98-2DBD-4AF0-BEFC-347E226DD3C0}.Debug|x86.ActiveCfg = Debug|Win32
		{CD942D98-2DBD-4AF0-BEFC-347E226DD3C0}.Debug|x86.Build.0 = Debug|Win32
		{CD942D98-2DBD-4AF0-BEFC-347E226DD3C0}.Release|x64.ActiveCfg = Release|x64
		{CD942D98-2DBD-4AF0-BEFC-347E226DD3C0}.Release|x64.Build.0 = Release|x64
		{CD942D98-2DBD-4AF0-BEFC-347E226DD3C0}.Release|x86.ActiveCfg = Release|Win32
		{CD942D98-2DBD-4AF0-BEFC-347E226DD3C0}.Release|x86.Build.0 = Release|Win32
		{DA40C0DE-CE8C-4C48-B645-21F3B351BE77}.Debug|x64.ActiveCfg = Debug|x64
		{DA40C0DE-CE8C-4C48-B645-21F3B351BE77}.Debug|x64.Build.0 = Debug|x64
		{DA40C0DE-CE8C-4C48-B645-21F3B351BE77}.Debug|x86.ActiveCfg = Debug|Win32
		{DA40C0DE-CE8C-4C48-B645-21F3B351BE77}.Debug|x86.Build.0 = Debug|Win32
		{DA40C0DE-CE8C-4C48-B645-21F3B351BE77}.Release|x64.ActiveCfg = Release|x64
		{DA40C0DE-CE8C-4C48-B645-21F3B351BE77}.Release|x64.Build.0 = Release|x64
		{DA40C0DE-CE8C-4C48-B645-21F3B351BE77}.Release|x86.ActiveCfg = Release|Win32
		{DA40C0DE-CE8C-4C48-B645-21F3B351BE77}.Release|x86.Build.0 = Release|Win32
	EndGlobalSection
	GlobalSection(SolutionProperties) = preSolution
		HideSolutionNode = FALSE
	EndGlobalSection
	GlobalSection(ExtensibilityGlobals) = postSolution
		SolutionGuid = {1F20A3B7-6253-4641-B7D7-3C1158E81834}
	EndGlobalSection
EndGlobal
