<?xml version="1.0" encoding="utf-8"?>
<Project ToolsVersion="4.0" xmlns="http://schemas.microsoft.com/developer/msbuild/2003">
  <ItemGroup>
    <Filter Include="소스 파일">
      <UniqueIdentifier>{4FC737F1-C7A5-4376-A066-2A32D752A2FF}</UniqueIdentifier>
      <Extensions>cpp;c;cc;cxx;c++;cppm;ixx;def;odl;idl;hpj;bat;asm;asmx</Extensions>
    </Filter>
    <Filter Include="헤더 파일">
      <UniqueIdentifier>{93995380-89BD-4b04-88EB-625FBE52EBFB}</UniqueIdentifier>
      <Extensions>h;hh;hpp;hxx;h++;hm;inl;inc;ipp;xsd</Extensions>
    </Filter>
    <Filter Include="리소스 파일">
      <UniqueIdentifier>{67DA6AB6-F800-4c08-8B7A-83BB121AAD01}</UniqueIdentifier>
      <Extensions>rc;ico;cur;bmp;dlg;rc2;rct;bin;rgs;gif;jpg;jpeg;jpe;resx;tiff;tif;png;wav;mfcribbon-ms</Extensions>
    </Filter>
  </ItemGroup>
  <ItemGroup>
    <ClCompile Include="Start.c">
      <Filter>소스 파일</Filter>
    </ClCompile>
    <ClCompile Include="ValueTest.C">
      <Filter>소스 파일</Filter>
    </ClCompile>
    <ClCompile Include="Value.c">
      <Filter>소스 파일</Filter>
    </ClCompile>
    <ClCompile Include="printTest.c">
      <Filter>소스 파일</Filter>
    </ClCompile>
    <ClCompile Include="casting.c">
      <Filter>소스 파일</Filter>
    </ClCompile>
    <ClCompile Include="scanf_s_Test.c">
      <Filter>소스 파일</Filter>
    </ClCompile>
    <ClCompile Include="operTest1.c">
      <Filter>소스 파일</Filter>
    </ClCompile>
    <ClCompile Include="Test1.c">
      <Filter>소스 파일</Filter>
    </ClCompile>
    <ClCompile Include="operTest2.c">
      <Filter>소스 파일</Filter>
    </ClCompile>
    <ClCompile Include="operTest3.c">
      <Filter>소스 파일</Filter>
    </ClCompile>
    <ClCompile Include="if.c">
      <Filter>소스 파일</Filter>
    </ClCompile>
    <ClCompile Include="switch.c">
      <Filter>소스 파일</Filter>
    </ClCompile>
    <ClCompile Include="for1.c">
      <Filter>소스 파일</Filter>
    </ClCompile>
    <ClCompile Include="for2.c">
      <Filter>소스 파일</Filter>
    </ClCompile>
    <ClCompile Include="while.c">
      <Filter>소스 파일</Filter>
    </ClCompile>
    <ClCompile Include="do ~ while.c">
      <Filter>소스 파일</Filter>
    </ClCompile>
    <ClCompile Include="continue.c">
      <Filter>소스 파일</Filter>
    </ClCompile>
    <ClCompile Include="Array1.c">
      <Filter>소스 파일</Filter>
    </ClCompile>
    <ClCompile Include="Array2.c">
      <Filter>소스 파일</Filter>
    </ClCompile>
    <ClCompile Include="Array3.c">
      <Filter>소스 파일</Filter>
    </ClCompile>
    <ClCompile Include="String.c">
      <Filter>소스 파일</Filter>
    </ClCompile>
    <ClCompile Include="ArrayTest.c">
      <Filter>소스 파일</Filter>
    </ClCompile>
    <ClCompile Include="Fuction.c">
      <Filter>소스 파일</Filter>
    </ClCompile>
    <ClCompile Include="StorageMain.c">
      <Filter>소스 파일</Filter>
    </ClCompile>
    <ClCompile Include="StorageTest.c">
      <Filter>소스 파일</Filter>
    </ClCompile>
    <ClCompile Include="Rand.c">
      <Filter>소스 파일</Filter>
    </ClCompile>
    <ClCompile Include="Pointer.c">
      <Filter>소스 파일</Filter>
    </ClCompile>
    <ClCompile Include="PointerTest.c">
      <Filter>소스 파일</Filter>
    </ClCompile>
    <ClCompile Include="PointerArray.c">
      <Filter>소스 파일</Filter>
    </ClCompile>
    <ClCompile Include="ArrayPointer1.c">
      <Filter>소스 파일</Filter>
    </ClCompile>
    <ClCompile Include="ArrayPointer2.c">
      <Filter>소스 파일</Filter>
    </ClCompile>
    <ClCompile Include="typedef.c">
      <Filter>소스 파일</Filter>
    </ClCompile>
    <ClCompile Include="Struct.c">
      <Filter>소스 파일</Filter>
    </ClCompile>
    <ClCompile Include="animal.c">
      <Filter>소스 파일</Filter>
    </ClCompile>
    <ClCompile Include="Structinput.c">
      <Filter>소스 파일</Filter>
    </ClCompile>
    <ClCompile Include="MakeArray.c">
      <Filter>소스 파일</Filter>
    </ClCompile>
    <ClCompile Include="ifTest.c">
      <Filter>소스 파일</Filter>
    </ClCompile>
    <ClCompile Include="forTest.c">
      <Filter>소스 파일</Filter>
    </ClCompile>
    <ClCompile Include="testarray.c">
      <Filter>소스 파일</Filter>
    </ClCompile>
    <ClCompile Include="Recursion.c">
      <Filter>소스 파일</Filter>
    </ClCompile>
    <ClCompile Include="Recursion2.c">
      <Filter>소스 파일</Filter>
    </ClCompile>
    <ClCompile Include="hanoi.c">
      <Filter>소스 파일</Filter>
    </ClCompile>
    <ClCompile Include="RecursionTest.c">
      <Filter>소스 파일</Filter>
    </ClCompile>
    <ClCompile Include="LinkedList.c">
      <Filter>소스 파일</Filter>
    </ClCompile>
    <ClCompile Include="Stack.c">
      <Filter>소스 파일</Filter>
    </ClCompile>
    <ClCompile Include="StackTest.c">
      <Filter>소스 파일</Filter>
    </ClCompile>
    <ClCompile Include="Q.c">
      <Filter>소스 파일</Filter>
    </ClCompile>
    <ClCompile Include="CQ.c">
      <Filter>소스 파일</Filter>
    </ClCompile>
    <ClCompile Include="CQTest.c">
      <Filter>소스 파일</Filter>
    </ClCompile>
    <ClCompile Include="deque.c">
      <Filter>소스 파일</Filter>
    </ClCompile>
  </ItemGroup>
  <ItemGroup>
    <ClInclude Include="animal.h">
      <Filter>헤더 파일</Filter>
    </ClInclude>
    <ClInclude Include="Myhead.h">
      <Filter>헤더 파일</Filter>
    </ClInclude>
    <ClInclude Include="LinkedList.h">
      <Filter>소스 파일</Filter>
    </ClInclude>
    <ClInclude Include="stack.h">
      <Filter>소스 파일</Filter>
    </ClInclude>
    <ClInclude Include="Q.h">
      <Filter>소스 파일</Filter>
    </ClInclude>
    <ClInclude Include="CQ.h">
      <Filter>소스 파일</Filter>
    </ClInclude>
    <ClInclude Include="deque.h">
      <Filter>소스 파일</Filter>
    </ClInclude>
  </ItemGroup>
</Project>